
Microsoft Visual Studio Solution File, Format Version 12.00
# Visual Studio Version 17
VisualStudioVersion = 17.9.34723.18
MinimumVisualStudioVersion = 10.0.40219.1
Project("{9A19103F-16F7-4668-BE54-9A1E7A4F7556}") = "HackclubArcadeAPIWrapper", "HackclubArcadeAPIWrapper.csproj", "{A7AC0451-3F0B-492B-A6C1-D5748C7E2F22}"
EndProject
Project("{FAE04EC0-301F-11D3-BF4B-00C04F79EFBC}") = "TestApp", "..\TestApp\TestApp.csproj", "{B88065D0-A1F4-4B44-9A56-412D227EAAC3}"
EndProject
Global
	GlobalSection(SolutionConfigurationPlatforms) = preSolution
		Debug|Any CPU = Debug|Any CPU
		Release|Any CPU = Release|Any CPU
	EndGlobalSection
	GlobalSection(ProjectConfigurationPlatforms) = postSolution
		{A7AC0451-3F0B-492B-A6C1-D5748C7E2F22}.Debug|Any CPU.ActiveCfg = Debug|Any CPU
		{A7AC0451-3F0B-492B-A6C1-D5748C7E2F22}.Debug|Any CPU.Build.0 = Debug|Any CPU
		{A7AC0451-3F0B-492B-A6C1-D5748C7E2F22}.Release|Any CPU.ActiveCfg = Release|Any CPU
		{A7AC0451-3F0B-492B-A6C1-D5748C7E2F22}.Release|Any CPU.Build.0 = Release|Any CPU
		{B88065D0-A1F4-4B44-9A56-412D227EAAC3}.Debug|Any CPU.ActiveCfg = Debug|Any CPU
		{B88065D0-A1F4-4B44-9A56-412D227EAAC3}.Debug|Any CPU.Build.0 = Debug|Any CPU
		{B88065D0-A1F4-4B44-9A56-412D227EAAC3}.Release|Any CPU.ActiveCfg = Release|Any CPU
		{B88065D0-A1F4-4B44-9A56-412D227EAAC3}.Release|Any CPU.Build.0 = Release|Any CPU
	EndGlobalSection
	GlobalSection(SolutionProperties) = preSolution
		HideSolutionNode = FALSE
	EndGlobalSection
	GlobalSection(ExtensibilityGlobals) = postSolution
		SolutionGuid = {79F751E4-93F4-4BBF-9872-B7516F816193}
	EndGlobalSection
EndGlobal
